// !$*UTF8*$!
{
	archiveVersion = 1;
	classes = {
	};
	objectVersion = 56;
	objects = {

/* Begin PBXBuildFile section */
		CB1A59D52A496199008BEDC4 /* AppDependencies.swift in Sources */ = {isa = PBXBuildFile; fileRef = CB1A59D42A496198008BEDC4 /* AppDependencies.swift */; };
		CB1A59D72A4961DE008BEDC4 /* AppConfig.swift in Sources */ = {isa = PBXBuildFile; fileRef = CB1A59D62A4961DE008BEDC4 /* AppConfig.swift */; };
		CB1A59DA2A49627F008BEDC4 /* CoordinatorProtocol.swift in Sources */ = {isa = PBXBuildFile; fileRef = CB1A59D92A49627F008BEDC4 /* CoordinatorProtocol.swift */; };
		CB1A59DC2A496296008BEDC4 /* AppCoordinator.swift in Sources */ = {isa = PBXBuildFile; fileRef = CB1A59DB2A496296008BEDC4 /* AppCoordinator.swift */; };
		CB1A59DE2A496387008BEDC4 /* HomeCoordinator.swift in Sources */ = {isa = PBXBuildFile; fileRef = CB1A59DD2A496387008BEDC4 /* HomeCoordinator.swift */; };
		CB1A59E02A496444008BEDC4 /* HomeBuilder.swift in Sources */ = {isa = PBXBuildFile; fileRef = CB1A59DF2A496444008BEDC4 /* HomeBuilder.swift */; };
		CB1A59E22A496556008BEDC4 /* MockNavigationController.swift in Sources */ = {isa = PBXBuildFile; fileRef = CB1A59E12A496556008BEDC4 /* MockNavigationController.swift */; };
		CB1A59E52A4966EF008BEDC4 /* AppCoordinatorTests.swift in Sources */ = {isa = PBXBuildFile; fileRef = CB1A59E42A4966EF008BEDC4 /* AppCoordinatorTests.swift */; };
		CB1A59E72A49788B008BEDC4 /* HomeCoordinatorTests.swift in Sources */ = {isa = PBXBuildFile; fileRef = CB1A59E62A49788B008BEDC4 /* HomeCoordinatorTests.swift */; };
		CB1A59EA2A497940008BEDC4 /* DetailBuilder.swift in Sources */ = {isa = PBXBuildFile; fileRef = CB1A59E92A497940008BEDC4 /* DetailBuilder.swift */; };
		CB1A59EC2A49794A008BEDC4 /* DetailView.swift in Sources */ = {isa = PBXBuildFile; fileRef = CB1A59EB2A49794A008BEDC4 /* DetailView.swift */; };
		CB1A59EE2A497954008BEDC4 /* DetailViewModel.swift in Sources */ = {isa = PBXBuildFile; fileRef = CB1A59ED2A497954008BEDC4 /* DetailViewModel.swift */; };
		CB1A59F02A497963008BEDC4 /* DetailController.swift in Sources */ = {isa = PBXBuildFile; fileRef = CB1A59EF2A497963008BEDC4 /* DetailController.swift */; };
		CB522F5B2A46D5D0009EA192 /* AppDelegate.swift in Sources */ = {isa = PBXBuildFile; fileRef = CB522F5A2A46D5D0009EA192 /* AppDelegate.swift */; };
		CB522F5F2A46D5D0009EA192 /* HomeController.swift in Sources */ = {isa = PBXBuildFile; fileRef = CB522F5E2A46D5D0009EA192 /* HomeController.swift */; };
		CB522F642A46D5D2009EA192 /* Assets.xcassets in Resources */ = {isa = PBXBuildFile; fileRef = CB522F632A46D5D2009EA192 /* Assets.xcassets */; };
		CB522F672A46D5D2009EA192 /* LaunchScreen.storyboard in Resources */ = {isa = PBXBuildFile; fileRef = CB522F652A46D5D2009EA192 /* LaunchScreen.storyboard */; };
		CB522F732A46DC0D009EA192 /* GoogleService-Info.plist in Resources */ = {isa = PBXBuildFile; fileRef = CB522F722A46DC0D009EA192 /* GoogleService-Info.plist */; };
		CB522F792A46E229009EA192 /* FirebaseFirestoreSwift in Frameworks */ = {isa = PBXBuildFile; productRef = CB522F782A46E229009EA192 /* FirebaseFirestoreSwift */; };
		CB522F7C2A46ED52009EA192 /* FirestoreService.swift in Sources */ = {isa = PBXBuildFile; fileRef = CB522F7B2A46ED51009EA192 /* FirestoreService.swift */; };
		CB522F802A46ED6A009EA192 /* ProductModel.swift in Sources */ = {isa = PBXBuildFile; fileRef = CB522F7F2A46ED6A009EA192 /* ProductModel.swift */; };
		CB522F822A478928009EA192 /* DatabaseError.swift in Sources */ = {isa = PBXBuildFile; fileRef = CB522F812A478928009EA192 /* DatabaseError.swift */; };
		CB522F842A47893B009EA192 /* DatabaseEntity.swift in Sources */ = {isa = PBXBuildFile; fileRef = CB522F832A47893B009EA192 /* DatabaseEntity.swift */; };
		CB522F862A478954009EA192 /* DatabaseProtocol.swift in Sources */ = {isa = PBXBuildFile; fileRef = CB522F852A478954009EA192 /* DatabaseProtocol.swift */; };
		CB6303D52A478C9300CDC30A /* BaseFoundation in Frameworks */ = {isa = PBXBuildFile; productRef = CB6303D42A478C9300CDC30A /* BaseFoundation */; };
		CB6DA4CE2A48EA7E0022ED89 /* FirebaseFirestore in Frameworks */ = {isa = PBXBuildFile; productRef = CB6DA4CD2A48EA7E0022ED89 /* FirebaseFirestore */; };
		CB6DA4D12A48EE380022ED89 /* MockGenerator.swift in Sources */ = {isa = PBXBuildFile; fileRef = CB6DA4D02A48EE380022ED89 /* MockGenerator.swift */; };
		CB7BBF4C2A48F7FD00E83540 /* HomeViewModelTests.swift in Sources */ = {isa = PBXBuildFile; fileRef = CB7BBF4B2A48F7FD00E83540 /* HomeViewModelTests.swift */; };
		CB8C80992A478FA300D754EC /* CommonComponents in Frameworks */ = {isa = PBXBuildFile; productRef = CB8C80982A478FA300D754EC /* CommonComponents */; };
		CB8C809B2A47902B00D754EC /* HomeView.swift in Sources */ = {isa = PBXBuildFile; fileRef = CB8C809A2A47902B00D754EC /* HomeView.swift */; };
		CB8C809E2A47919400D754EC /* UIFactory.swift in Sources */ = {isa = PBXBuildFile; fileRef = CB8C809D2A47919400D754EC /* UIFactory.swift */; };
		CB8C80A02A47928700D754EC /* UIDimension.swift in Sources */ = {isa = PBXBuildFile; fileRef = CB8C809F2A47928700D754EC /* UIDimension.swift */; };
		CB8C80A32A47933800D754EC /* ProductCollectionCell.swift in Sources */ = {isa = PBXBuildFile; fileRef = CB8C80A22A47933800D754EC /* ProductCollectionCell.swift */; };
		CB8C80A62A47992900D754EC /* UIColor+Extensions.swift in Sources */ = {isa = PBXBuildFile; fileRef = CB8C80A52A47992900D754EC /* UIColor+Extensions.swift */; };
		CB8C80A82A479A0A00D754EC /* AppConst.swift in Sources */ = {isa = PBXBuildFile; fileRef = CB8C80A72A479A0A00D754EC /* AppConst.swift */; };
		CB8C80AB2A479B4000D754EC /* ProductListDataSource.swift in Sources */ = {isa = PBXBuildFile; fileRef = CB8C80AA2A479B4000D754EC /* ProductListDataSource.swift */; };
		CB8C80AD2A482F0F00D754EC /* HomeViewModel.swift in Sources */ = {isa = PBXBuildFile; fileRef = CB8C80AC2A482F0F00D754EC /* HomeViewModel.swift */; };
		CB8C80B02A4831A900D754EC /* ProductRepository.swift in Sources */ = {isa = PBXBuildFile; fileRef = CB8C80AF2A4831A900D754EC /* ProductRepository.swift */; };
		CB8C80B32A484CFD00D754EC /* Kingfisher in Frameworks */ = {isa = PBXBuildFile; productRef = CB8C80B22A484CFD00D754EC /* Kingfisher */; };
		CB8C80B62A484D2B00D754EC /* UIImageView+Extensions.swift in Sources */ = {isa = PBXBuildFile; fileRef = CB8C80B52A484D2A00D754EC /* UIImageView+Extensions.swift */; };
		CBC1EEFF2A48E2120085A45D /* HomeControllerTests.swift in Sources */ = {isa = PBXBuildFile; fileRef = CBC1EEFE2A48E2120085A45D /* HomeControllerTests.swift */; };
		CBCA482E2A529C14009C4573 /* BottomView.swift in Sources */ = {isa = PBXBuildFile; fileRef = CBCA482D2A529C14009C4573 /* BottomView.swift */; };
		CBCA48302A52BCC6009C4573 /* VerticalFeatureListView.swift in Sources */ = {isa = PBXBuildFile; fileRef = CBCA482F2A52BCC6009C4573 /* VerticalFeatureListView.swift */; };
		CBCA48322A52C6A4009C4573 /* SliderView.swift in Sources */ = {isa = PBXBuildFile; fileRef = CBCA48312A52C6A4009C4573 /* SliderView.swift */; };
/* End PBXBuildFile section */

/* Begin PBXContainerItemProxy section */
		CBC1EF002A48E2120085A45D /* PBXContainerItemProxy */ = {
			isa = PBXContainerItemProxy;
			containerPortal = CB522F4F2A46D5CF009EA192 /* Project object */;
			proxyType = 1;
			remoteGlobalIDString = CB522F562A46D5D0009EA192;
			remoteInfo = PazaramaExample;
		};
/* End PBXContainerItemProxy section */

/* Begin PBXFileReference section */
		CB1A59D42A496198008BEDC4 /* AppDependencies.swift */ = {isa = PBXFileReference; lastKnownFileType = sourcecode.swift; path = AppDependencies.swift; sourceTree = "<group>"; };
		CB1A59D62A4961DE008BEDC4 /* AppConfig.swift */ = {isa = PBXFileReference; lastKnownFileType = sourcecode.swift; path = AppConfig.swift; sourceTree = "<group>"; };
		CB1A59D92A49627F008BEDC4 /* CoordinatorProtocol.swift */ = {isa = PBXFileReference; lastKnownFileType = sourcecode.swift; path = CoordinatorProtocol.swift; sourceTree = "<group>"; };
		CB1A59DB2A496296008BEDC4 /* AppCoordinator.swift */ = {isa = PBXFileReference; lastKnownFileType = sourcecode.swift; path = AppCoordinator.swift; sourceTree = "<group>"; };
		CB1A59DD2A496387008BEDC4 /* HomeCoordinator.swift */ = {isa = PBXFileReference; lastKnownFileType = sourcecode.swift; path = HomeCoordinator.swift; sourceTree = "<group>"; };
		CB1A59DF2A496444008BEDC4 /* HomeBuilder.swift */ = {isa = PBXFileReference; lastKnownFileType = sourcecode.swift; path = HomeBuilder.swift; sourceTree = "<group>"; };
		CB1A59E12A496556008BEDC4 /* MockNavigationController.swift */ = {isa = PBXFileReference; lastKnownFileType = sourcecode.swift; path = MockNavigationController.swift; sourceTree = "<group>"; };
		CB1A59E42A4966EF008BEDC4 /* AppCoordinatorTests.swift */ = {isa = PBXFileReference; lastKnownFileType = sourcecode.swift; path = AppCoordinatorTests.swift; sourceTree = "<group>"; };
		CB1A59E62A49788B008BEDC4 /* HomeCoordinatorTests.swift */ = {isa = PBXFileReference; lastKnownFileType = sourcecode.swift; path = HomeCoordinatorTests.swift; sourceTree = "<group>"; };
		CB1A59E92A497940008BEDC4 /* DetailBuilder.swift */ = {isa = PBXFileReference; lastKnownFileType = sourcecode.swift; path = DetailBuilder.swift; sourceTree = "<group>"; };
		CB1A59EB2A49794A008BEDC4 /* DetailView.swift */ = {isa = PBXFileReference; lastKnownFileType = sourcecode.swift; path = DetailView.swift; sourceTree = "<group>"; };
		CB1A59ED2A497954008BEDC4 /* DetailViewModel.swift */ = {isa = PBXFileReference; lastKnownFileType = sourcecode.swift; path = DetailViewModel.swift; sourceTree = "<group>"; };
		CB1A59EF2A497963008BEDC4 /* DetailController.swift */ = {isa = PBXFileReference; lastKnownFileType = sourcecode.swift; path = DetailController.swift; sourceTree = "<group>"; };
		CB522F572A46D5D0009EA192 /* PazaramaExample.app */ = {isa = PBXFileReference; explicitFileType = wrapper.application; includeInIndex = 0; path = PazaramaExample.app; sourceTree = BUILT_PRODUCTS_DIR; };
		CB522F5A2A46D5D0009EA192 /* AppDelegate.swift */ = {isa = PBXFileReference; lastKnownFileType = sourcecode.swift; path = AppDelegate.swift; sourceTree = "<group>"; };
		CB522F5E2A46D5D0009EA192 /* HomeController.swift */ = {isa = PBXFileReference; lastKnownFileType = sourcecode.swift; path = HomeController.swift; sourceTree = "<group>"; };
		CB522F632A46D5D2009EA192 /* Assets.xcassets */ = {isa = PBXFileReference; lastKnownFileType = folder.assetcatalog; path = Assets.xcassets; sourceTree = "<group>"; };
		CB522F662A46D5D2009EA192 /* Base */ = {isa = PBXFileReference; lastKnownFileType = file.storyboard; name = Base; path = Base.lproj/LaunchScreen.storyboard; sourceTree = "<group>"; };
		CB522F682A46D5D2009EA192 /* Info.plist */ = {isa = PBXFileReference; lastKnownFileType = text.plist.xml; path = Info.plist; sourceTree = "<group>"; };
		CB522F722A46DC0D009EA192 /* GoogleService-Info.plist */ = {isa = PBXFileReference; fileEncoding = 4; lastKnownFileType = text.plist.xml; path = "GoogleService-Info.plist"; sourceTree = "<group>"; };
		CB522F7B2A46ED51009EA192 /* FirestoreService.swift */ = {isa = PBXFileReference; lastKnownFileType = sourcecode.swift; path = FirestoreService.swift; sourceTree = "<group>"; };
		CB522F7F2A46ED6A009EA192 /* ProductModel.swift */ = {isa = PBXFileReference; lastKnownFileType = sourcecode.swift; path = ProductModel.swift; sourceTree = "<group>"; };
		CB522F812A478928009EA192 /* DatabaseError.swift */ = {isa = PBXFileReference; lastKnownFileType = sourcecode.swift; path = DatabaseError.swift; sourceTree = "<group>"; };
		CB522F832A47893B009EA192 /* DatabaseEntity.swift */ = {isa = PBXFileReference; lastKnownFileType = sourcecode.swift; path = DatabaseEntity.swift; sourceTree = "<group>"; };
		CB522F852A478954009EA192 /* DatabaseProtocol.swift */ = {isa = PBXFileReference; lastKnownFileType = sourcecode.swift; path = DatabaseProtocol.swift; sourceTree = "<group>"; };
		CB522F882A478BE7009EA192 /* BaseFoundation */ = {isa = PBXFileReference; lastKnownFileType = wrapper; name = BaseFoundation; path = Packages/BaseFoundation; sourceTree = "<group>"; };
		CB6303D62A478EA500CDC30A /* CommonComponents */ = {isa = PBXFileReference; lastKnownFileType = wrapper; name = CommonComponents; path = Packages/CommonComponents; sourceTree = "<group>"; };
		CB6DA4D02A48EE380022ED89 /* MockGenerator.swift */ = {isa = PBXFileReference; lastKnownFileType = sourcecode.swift; path = MockGenerator.swift; sourceTree = "<group>"; };
		CB7BBF4B2A48F7FD00E83540 /* HomeViewModelTests.swift */ = {isa = PBXFileReference; lastKnownFileType = sourcecode.swift; path = HomeViewModelTests.swift; sourceTree = "<group>"; };
		CB8C809A2A47902B00D754EC /* HomeView.swift */ = {isa = PBXFileReference; lastKnownFileType = sourcecode.swift; path = HomeView.swift; sourceTree = "<group>"; };
		CB8C809D2A47919400D754EC /* UIFactory.swift */ = {isa = PBXFileReference; lastKnownFileType = sourcecode.swift; path = UIFactory.swift; sourceTree = "<group>"; };
		CB8C809F2A47928700D754EC /* UIDimension.swift */ = {isa = PBXFileReference; lastKnownFileType = sourcecode.swift; path = UIDimension.swift; sourceTree = "<group>"; };
		CB8C80A22A47933800D754EC /* ProductCollectionCell.swift */ = {isa = PBXFileReference; lastKnownFileType = sourcecode.swift; path = ProductCollectionCell.swift; sourceTree = "<group>"; };
		CB8C80A52A47992900D754EC /* UIColor+Extensions.swift */ = {isa = PBXFileReference; lastKnownFileType = sourcecode.swift; path = "UIColor+Extensions.swift"; sourceTree = "<group>"; };
		CB8C80A72A479A0A00D754EC /* AppConst.swift */ = {isa = PBXFileReference; lastKnownFileType = sourcecode.swift; path = AppConst.swift; sourceTree = "<group>"; };
		CB8C80AA2A479B4000D754EC /* ProductListDataSource.swift */ = {isa = PBXFileReference; lastKnownFileType = sourcecode.swift; path = ProductListDataSource.swift; sourceTree = "<group>"; };
		CB8C80AC2A482F0F00D754EC /* HomeViewModel.swift */ = {isa = PBXFileReference; lastKnownFileType = sourcecode.swift; path = HomeViewModel.swift; sourceTree = "<group>"; };
		CB8C80AF2A4831A900D754EC /* ProductRepository.swift */ = {isa = PBXFileReference; lastKnownFileType = sourcecode.swift; path = ProductRepository.swift; sourceTree = "<group>"; };
		CB8C80B52A484D2A00D754EC /* UIImageView+Extensions.swift */ = {isa = PBXFileReference; lastKnownFileType = sourcecode.swift; path = "UIImageView+Extensions.swift"; sourceTree = "<group>"; };
		CBC1EEFC2A48E2110085A45D /* PazaramaExampleTests.xctest */ = {isa = PBXFileReference; explicitFileType = wrapper.cfbundle; includeInIndex = 0; path = PazaramaExampleTests.xctest; sourceTree = BUILT_PRODUCTS_DIR; };
		CBC1EEFE2A48E2120085A45D /* HomeControllerTests.swift */ = {isa = PBXFileReference; lastKnownFileType = sourcecode.swift; path = HomeControllerTests.swift; sourceTree = "<group>"; };
		CBCA482D2A529C14009C4573 /* BottomView.swift */ = {isa = PBXFileReference; lastKnownFileType = sourcecode.swift; path = BottomView.swift; sourceTree = "<group>"; };
		CBCA482F2A52BCC6009C4573 /* VerticalFeatureListView.swift */ = {isa = PBXFileReference; lastKnownFileType = sourcecode.swift; path = VerticalFeatureListView.swift; sourceTree = "<group>"; };
		CBCA48312A52C6A4009C4573 /* SliderView.swift */ = {isa = PBXFileReference; lastKnownFileType = sourcecode.swift; path = SliderView.swift; sourceTree = "<group>"; };
/* End PBXFileReference section */

/* Begin PBXFrameworksBuildPhase section */
		CB522F542A46D5D0009EA192 /* Frameworks */ = {
			isa = PBXFrameworksBuildPhase;
			buildActionMask = 2147483647;
			files = (
				CB8C80B32A484CFD00D754EC /* Kingfisher in Frameworks */,
				CB6303D52A478C9300CDC30A /* BaseFoundation in Frameworks */,
				CB522F792A46E229009EA192 /* FirebaseFirestoreSwift in Frameworks */,
				CB8C80992A478FA300D754EC /* CommonComponents in Frameworks */,
			);
			runOnlyForDeploymentPostprocessing = 0;
		};
		CBC1EEF92A48E2110085A45D /* Frameworks */ = {
			isa = PBXFrameworksBuildPhase;
			buildActionMask = 2147483647;
			files = (
				CB6DA4CE2A48EA7E0022ED89 /* FirebaseFirestore in Frameworks */,
			);
			runOnlyForDeploymentPostprocessing = 0;
		};
/* End PBXFrameworksBuildPhase section */

/* Begin PBXGroup section */
		CB1A59D82A49626F008BEDC4 /* Coordinator */ = {
			isa = PBXGroup;
			children = (
				CB1A59D92A49627F008BEDC4 /* CoordinatorProtocol.swift */,
				CB1A59DB2A496296008BEDC4 /* AppCoordinator.swift */,
				CB1A59DD2A496387008BEDC4 /* HomeCoordinator.swift */,
			);
			path = Coordinator;
			sourceTree = "<group>";
		};
		CB1A59E32A4966CA008BEDC4 /* Coordinator */ = {
			isa = PBXGroup;
			children = (
				CB1A59E42A4966EF008BEDC4 /* AppCoordinatorTests.swift */,
				CB1A59E62A49788B008BEDC4 /* HomeCoordinatorTests.swift */,
			);
			path = Coordinator;
			sourceTree = "<group>";
		};
		CB1A59E82A49792B008BEDC4 /* Detail */ = {
			isa = PBXGroup;
			children = (
				CB1A59E92A497940008BEDC4 /* DetailBuilder.swift */,
				CB1A59EB2A49794A008BEDC4 /* DetailView.swift */,
				CB1A59ED2A497954008BEDC4 /* DetailViewModel.swift */,
				CB1A59EF2A497963008BEDC4 /* DetailController.swift */,
			);
			path = Detail;
			sourceTree = "<group>";
		};
		CB522F4E2A46D5CF009EA192 = {
			isa = PBXGroup;
			children = (
				CB522F872A478BE7009EA192 /* Packages */,
				CB522F592A46D5D0009EA192 /* PazaramaExample */,
				CBC1EEFD2A48E2120085A45D /* PazaramaExampleTests */,
				CB522F582A46D5D0009EA192 /* Products */,
				CB6303D32A478C9300CDC30A /* Frameworks */,
			);
			sourceTree = "<group>";
		};
		CB522F582A46D5D0009EA192 /* Products */ = {
			isa = PBXGroup;
			children = (
				CB522F572A46D5D0009EA192 /* PazaramaExample.app */,
				CBC1EEFC2A48E2110085A45D /* PazaramaExampleTests.xctest */,
			);
			name = Products;
			sourceTree = "<group>";
		};
		CB522F592A46D5D0009EA192 /* PazaramaExample */ = {
			isa = PBXGroup;
			children = (
				CBCA482B2A529BF7009C4573 /* Component */,
				CB522F6E2A46D6F4009EA192 /* App */,
				CB8C80B42A484D1200D754EC /* Extension */,
				CB522F7A2A46ED02009EA192 /* Database */,
				CB8C80AE2A48318B00D754EC /* Repository */,
				CB8C809C2A47918600D754EC /* Factory */,
				CB522F7E2A46ED5D009EA192 /* Model */,
				CB1A59D82A49626F008BEDC4 /* Coordinator */,
				CB522F702A46D701009EA192 /* Scene */,
				CB522F6F2A46D6FA009EA192 /* Resource */,
			);
			path = PazaramaExample;
			sourceTree = "<group>";
		};
		CB522F6E2A46D6F4009EA192 /* App */ = {
			isa = PBXGroup;
			children = (
				CB522F5A2A46D5D0009EA192 /* AppDelegate.swift */,
				CB8C809F2A47928700D754EC /* UIDimension.swift */,
				CB8C80A72A479A0A00D754EC /* AppConst.swift */,
				CB1A59D42A496198008BEDC4 /* AppDependencies.swift */,
				CB1A59D62A4961DE008BEDC4 /* AppConfig.swift */,
			);
			path = App;
			sourceTree = "<group>";
		};
		CB522F6F2A46D6FA009EA192 /* Resource */ = {
			isa = PBXGroup;
			children = (
				CB8C80A42A47990E00D754EC /* Color */,
				CB522F652A46D5D2009EA192 /* LaunchScreen.storyboard */,
				CB522F632A46D5D2009EA192 /* Assets.xcassets */,
				CB522F682A46D5D2009EA192 /* Info.plist */,
				CB522F722A46DC0D009EA192 /* GoogleService-Info.plist */,
			);
			path = Resource;
			sourceTree = "<group>";
		};
		CB522F702A46D701009EA192 /* Scene */ = {
			isa = PBXGroup;
			children = (
				CB522F712A46D731009EA192 /* Home */,
				CB1A59E82A49792B008BEDC4 /* Detail */,
			);
			path = Scene;
			sourceTree = "<group>";
		};
		CB522F712A46D731009EA192 /* Home */ = {
			isa = PBXGroup;
			children = (
				CB8C80A92A479B2000D754EC /* DataSource */,
				CB8C80A12A47931D00D754EC /* Cell */,
				CB1A59DF2A496444008BEDC4 /* HomeBuilder.swift */,
				CB8C809A2A47902B00D754EC /* HomeView.swift */,
				CB8C80AC2A482F0F00D754EC /* HomeViewModel.swift */,
				CB522F5E2A46D5D0009EA192 /* HomeController.swift */,
			);
			path = Home;
			sourceTree = "<group>";
		};
		CB522F7A2A46ED02009EA192 /* Database */ = {
			isa = PBXGroup;
			children = (
				CB522F7B2A46ED51009EA192 /* FirestoreService.swift */,
				CB522F812A478928009EA192 /* DatabaseError.swift */,
				CB522F832A47893B009EA192 /* DatabaseEntity.swift */,
				CB522F852A478954009EA192 /* DatabaseProtocol.swift */,
			);
			path = Database;
			sourceTree = "<group>";
		};
		CB522F7E2A46ED5D009EA192 /* Model */ = {
			isa = PBXGroup;
			children = (
				CB522F7F2A46ED6A009EA192 /* ProductModel.swift */,
			);
			path = Model;
			sourceTree = "<group>";
		};
		CB522F872A478BE7009EA192 /* Packages */ = {
			isa = PBXGroup;
			children = (
				CB522F882A478BE7009EA192 /* BaseFoundation */,
				CB6303D62A478EA500CDC30A /* CommonComponents */,
			);
			name = Packages;
			sourceTree = "<group>";
		};
		CB6303D32A478C9300CDC30A /* Frameworks */ = {
			isa = PBXGroup;
			children = (
			);
			name = Frameworks;
			sourceTree = "<group>";
		};
		CB6DA4CF2A48EE270022ED89 /* Shared */ = {
			isa = PBXGroup;
			children = (
				CB6DA4D02A48EE380022ED89 /* MockGenerator.swift */,
				CB1A59E12A496556008BEDC4 /* MockNavigationController.swift */,
			);
			path = Shared;
			sourceTree = "<group>";
		};
		CB8C809C2A47918600D754EC /* Factory */ = {
			isa = PBXGroup;
			children = (
				CB8C809D2A47919400D754EC /* UIFactory.swift */,
			);
			path = Factory;
			sourceTree = "<group>";
		};
		CB8C80A12A47931D00D754EC /* Cell */ = {
			isa = PBXGroup;
			children = (
				CB8C80A22A47933800D754EC /* ProductCollectionCell.swift */,
			);
			path = Cell;
			sourceTree = "<group>";
		};
		CB8C80A42A47990E00D754EC /* Color */ = {
			isa = PBXGroup;
			children = (
				CB8C80A52A47992900D754EC /* UIColor+Extensions.swift */,
			);
			path = Color;
			sourceTree = "<group>";
		};
		CB8C80A92A479B2000D754EC /* DataSource */ = {
			isa = PBXGroup;
			children = (
				CB8C80AA2A479B4000D754EC /* ProductListDataSource.swift */,
			);
			path = DataSource;
			sourceTree = "<group>";
		};
		CB8C80AE2A48318B00D754EC /* Repository */ = {
			isa = PBXGroup;
			children = (
				CB8C80AF2A4831A900D754EC /* ProductRepository.swift */,
			);
			path = Repository;
			sourceTree = "<group>";
		};
		CB8C80B42A484D1200D754EC /* Extension */ = {
			isa = PBXGroup;
			children = (
				CB8C80B52A484D2A00D754EC /* UIImageView+Extensions.swift */,
			);
			path = Extension;
			sourceTree = "<group>";
		};
		CBC1EEFD2A48E2120085A45D /* PazaramaExampleTests */ = {
			isa = PBXGroup;
			children = (
				CB6DA4CF2A48EE270022ED89 /* Shared */,
				CB1A59E32A4966CA008BEDC4 /* Coordinator */,
				CBC1EF052A48E2270085A45D /* Scene */,
			);
			path = PazaramaExampleTests;
			sourceTree = "<group>";
		};
		CBC1EF052A48E2270085A45D /* Scene */ = {
			isa = PBXGroup;
			children = (
				CBC1EF062A48E22C0085A45D /* Home */,
			);
			path = Scene;
			sourceTree = "<group>";
		};
		CBC1EF062A48E22C0085A45D /* Home */ = {
			isa = PBXGroup;
			children = (
				CBC1EEFE2A48E2120085A45D /* HomeControllerTests.swift */,
				CB7BBF4B2A48F7FD00E83540 /* HomeViewModelTests.swift */,
			);
			path = Home;
			sourceTree = "<group>";
		};
		CBCA482B2A529BF7009C4573 /* Component */ = {
			isa = PBXGroup;
			children = (
				CBCA482C2A529BFD009C4573 /* UI */,
			);
			path = Component;
			sourceTree = "<group>";
		};
		CBCA482C2A529BFD009C4573 /* UI */ = {
			isa = PBXGroup;
			children = (
				CBCA482D2A529C14009C4573 /* BottomView.swift */,
				CBCA482F2A52BCC6009C4573 /* VerticalFeatureListView.swift */,
				CBCA48312A52C6A4009C4573 /* SliderView.swift */,
			);
			path = UI;
			sourceTree = "<group>";
		};
/* End PBXGroup section */

/* Begin PBXNativeTarget section */
		CB522F562A46D5D0009EA192 /* PazaramaExample */ = {
			isa = PBXNativeTarget;
			buildConfigurationList = CB522F6B2A46D5D2009EA192 /* Build configuration list for PBXNativeTarget "PazaramaExample" */;
			buildPhases = (
				CB522F532A46D5D0009EA192 /* Sources */,
				CB522F542A46D5D0009EA192 /* Frameworks */,
				CB522F552A46D5D0009EA192 /* Resources */,
			);
			buildRules = (
			);
			dependencies = (
			);
			name = PazaramaExample;
			packageProductDependencies = (
				CB522F782A46E229009EA192 /* FirebaseFirestoreSwift */,
				CB6303D42A478C9300CDC30A /* BaseFoundation */,
				CB8C80982A478FA300D754EC /* CommonComponents */,
				CB8C80B22A484CFD00D754EC /* Kingfisher */,
			);
			productName = PazaramaExample;
			productReference = CB522F572A46D5D0009EA192 /* PazaramaExample.app */;
			productType = "com.apple.product-type.application";
		};
		CBC1EEFB2A48E2110085A45D /* PazaramaExampleTests */ = {
			isa = PBXNativeTarget;
			buildConfigurationList = CBC1EF022A48E2120085A45D /* Build configuration list for PBXNativeTarget "PazaramaExampleTests" */;
			buildPhases = (
				CBC1EEF82A48E2110085A45D /* Sources */,
				CBC1EEF92A48E2110085A45D /* Frameworks */,
				CBC1EEFA2A48E2110085A45D /* Resources */,
			);
			buildRules = (
			);
			dependencies = (
				CBC1EF012A48E2120085A45D /* PBXTargetDependency */,
			);
			name = PazaramaExampleTests;
			packageProductDependencies = (
				CB6DA4CD2A48EA7E0022ED89 /* FirebaseFirestore */,
			);
			productName = PazaramaExampleTests;
			productReference = CBC1EEFC2A48E2110085A45D /* PazaramaExampleTests.xctest */;
			productType = "com.apple.product-type.bundle.unit-test";
		};
/* End PBXNativeTarget section */

/* Begin PBXProject section */
		CB522F4F2A46D5CF009EA192 /* Project object */ = {
			isa = PBXProject;
			attributes = {
				BuildIndependentTargetsInParallel = 1;
				LastSwiftUpdateCheck = 1410;
				LastUpgradeCheck = 1410;
				TargetAttributes = {
					CB522F562A46D5D0009EA192 = {
						CreatedOnToolsVersion = 14.1;
					};
					CBC1EEFB2A48E2110085A45D = {
						CreatedOnToolsVersion = 14.1;
						TestTargetID = CB522F562A46D5D0009EA192;
					};
				};
			};
			buildConfigurationList = CB522F522A46D5CF009EA192 /* Build configuration list for PBXProject "PazaramaExample" */;
			compatibilityVersion = "Xcode 14.0";
			developmentRegion = en;
			hasScannedForEncodings = 0;
			knownRegions = (
				en,
				Base,
			);
			mainGroup = CB522F4E2A46D5CF009EA192;
			packageReferences = (
				CB522F772A46E229009EA192 /* XCRemoteSwiftPackageReference "firebase-ios-sdk" */,
				CB8C80B12A484CFD00D754EC /* XCRemoteSwiftPackageReference "Kingfisher" */,
			);
			productRefGroup = CB522F582A46D5D0009EA192 /* Products */;
			projectDirPath = "";
			projectRoot = "";
			targets = (
				CB522F562A46D5D0009EA192 /* PazaramaExample */,
				CBC1EEFB2A48E2110085A45D /* PazaramaExampleTests */,
			);
		};
/* End PBXProject section */

/* Begin PBXResourcesBuildPhase section */
		CB522F552A46D5D0009EA192 /* Resources */ = {
			isa = PBXResourcesBuildPhase;
			buildActionMask = 2147483647;
			files = (
				CB522F672A46D5D2009EA192 /* LaunchScreen.storyboard in Resources */,
				CB522F642A46D5D2009EA192 /* Assets.xcassets in Resources */,
				CB522F732A46DC0D009EA192 /* GoogleService-Info.plist in Resources */,
			);
			runOnlyForDeploymentPostprocessing = 0;
		};
		CBC1EEFA2A48E2110085A45D /* Resources */ = {
			isa = PBXResourcesBuildPhase;
			buildActionMask = 2147483647;
			files = (
			);
			runOnlyForDeploymentPostprocessing = 0;
		};
/* End PBXResourcesBuildPhase section */

/* Begin PBXSourcesBuildPhase section */
		CB522F532A46D5D0009EA192 /* Sources */ = {
			isa = PBXSourcesBuildPhase;
			buildActionMask = 2147483647;
			files = (
				CB522F7C2A46ED52009EA192 /* FirestoreService.swift in Sources */,
				CB8C80A32A47933800D754EC /* ProductCollectionCell.swift in Sources */,
				CB1A59DA2A49627F008BEDC4 /* CoordinatorProtocol.swift in Sources */,
				CB522F842A47893B009EA192 /* DatabaseEntity.swift in Sources */,
				CB8C80B02A4831A900D754EC /* ProductRepository.swift in Sources */,
				CB8C80B62A484D2B00D754EC /* UIImageView+Extensions.swift in Sources */,
				CB1A59DC2A496296008BEDC4 /* AppCoordinator.swift in Sources */,
				CB1A59F02A497963008BEDC4 /* DetailController.swift in Sources */,
				CB8C80A02A47928700D754EC /* UIDimension.swift in Sources */,
				CBCA48322A52C6A4009C4573 /* SliderView.swift in Sources */,
				CB1A59EC2A49794A008BEDC4 /* DetailView.swift in Sources */,
				CB1A59EE2A497954008BEDC4 /* DetailViewModel.swift in Sources */,
				CBCA482E2A529C14009C4573 /* BottomView.swift in Sources */,
				CB1A59EA2A497940008BEDC4 /* DetailBuilder.swift in Sources */,
				CB1A59D52A496199008BEDC4 /* AppDependencies.swift in Sources */,
				CB1A59D72A4961DE008BEDC4 /* AppConfig.swift in Sources */,
				CB522F5F2A46D5D0009EA192 /* HomeController.swift in Sources */,
				CB522F5B2A46D5D0009EA192 /* AppDelegate.swift in Sources */,
				CB522F802A46ED6A009EA192 /* ProductModel.swift in Sources */,
				CB8C80A62A47992900D754EC /* UIColor+Extensions.swift in Sources */,
				CB8C80AB2A479B4000D754EC /* ProductListDataSource.swift in Sources */,
				CB8C80A82A479A0A00D754EC /* AppConst.swift in Sources */,
				CBCA48302A52BCC6009C4573 /* VerticalFeatureListView.swift in Sources */,
				CB8C809E2A47919400D754EC /* UIFactory.swift in Sources */,
				CB8C809B2A47902B00D754EC /* HomeView.swift in Sources */,
				CB522F822A478928009EA192 /* DatabaseError.swift in Sources */,
				CB8C80AD2A482F0F00D754EC /* HomeViewModel.swift in Sources */,
				CB1A59E02A496444008BEDC4 /* HomeBuilder.swift in Sources */,
				CB522F862A478954009EA192 /* DatabaseProtocol.swift in Sources */,
				CB1A59DE2A496387008BEDC4 /* HomeCoordinator.swift in Sources */,
			);
			runOnlyForDeploymentPostprocessing = 0;
		};
		CBC1EEF82A48E2110085A45D /* Sources */ = {
			isa = PBXSourcesBuildPhase;
			buildActionMask = 2147483647;
			files = (
				CB1A59E52A4966EF008BEDC4 /* AppCoordinatorTests.swift in Sources */,
				CBC1EEFF2A48E2120085A45D /* HomeControllerTests.swift in Sources */,
				CB6DA4D12A48EE380022ED89 /* MockGenerator.swift in Sources */,
				CB7BBF4C2A48F7FD00E83540 /* HomeViewModelTests.swift in Sources */,
				CB1A59E22A496556008BEDC4 /* MockNavigationController.swift in Sources */,
				CB1A59E72A49788B008BEDC4 /* HomeCoordinatorTests.swift in Sources */,
			);
			runOnlyForDeploymentPostprocessing = 0;
		};
/* End PBXSourcesBuildPhase section */

/* Begin PBXTargetDependency section */
		CBC1EF012A48E2120085A45D /* PBXTargetDependency */ = {
			isa = PBXTargetDependency;
			target = CB522F562A46D5D0009EA192 /* PazaramaExample */;
			targetProxy = CBC1EF002A48E2120085A45D /* PBXContainerItemProxy */;
		};
/* End PBXTargetDependency section */

/* Begin PBXVariantGroup section */
		CB522F652A46D5D2009EA192 /* LaunchScreen.storyboard */ = {
			isa = PBXVariantGroup;
			children = (
				CB522F662A46D5D2009EA192 /* Base */,
			);
			name = LaunchScreen.storyboard;
			sourceTree = "<group>";
		};
/* End PBXVariantGroup section */

/* Begin XCBuildConfiguration section */
		CB522F692A46D5D2009EA192 /* Debug */ = {
			isa = XCBuildConfiguration;
			buildSettings = {
				ALWAYS_SEARCH_USER_PATHS = NO;
				CLANG_ANALYZER_NONNULL = YES;
				CLANG_ANALYZER_NUMBER_OBJECT_CONVERSION = YES_AGGRESSIVE;
				CLANG_CXX_LANGUAGE_STANDARD = "gnu++20";
				CLANG_ENABLE_MODULES = YES;
				CLANG_ENABLE_OBJC_ARC = YES;
				CLANG_ENABLE_OBJC_WEAK = YES;
				CLANG_WARN_BLOCK_CAPTURE_AUTORELEASING = YES;
				CLANG_WARN_BOOL_CONVERSION = YES;
				CLANG_WARN_COMMA = YES;
				CLANG_WARN_CONSTANT_CONVERSION = YES;
				CLANG_WARN_DEPRECATED_OBJC_IMPLEMENTATIONS = YES;
				CLANG_WARN_DIRECT_OBJC_ISA_USAGE = YES_ERROR;
				CLANG_WARN_DOCUMENTATION_COMMENTS = YES;
				CLANG_WARN_EMPTY_BODY = YES;
				CLANG_WARN_ENUM_CONVERSION = YES;
				CLANG_WARN_INFINITE_RECURSION = YES;
				CLANG_WARN_INT_CONVERSION = YES;
				CLANG_WARN_NON_LITERAL_NULL_CONVERSION = YES;
				CLANG_WARN_OBJC_IMPLICIT_RETAIN_SELF = YES;
				CLANG_WARN_OBJC_LITERAL_CONVERSION = YES;
				CLANG_WARN_OBJC_ROOT_CLASS = YES_ERROR;
				CLANG_WARN_QUOTED_INCLUDE_IN_FRAMEWORK_HEADER = YES;
				CLANG_WARN_RANGE_LOOP_ANALYSIS = YES;
				CLANG_WARN_STRICT_PROTOTYPES = YES;
				CLANG_WARN_SUSPICIOUS_MOVE = YES;
				CLANG_WARN_UNGUARDED_AVAILABILITY = YES_AGGRESSIVE;
				CLANG_WARN_UNREACHABLE_CODE = YES;
				CLANG_WARN__DUPLICATE_METHOD_MATCH = YES;
				COPY_PHASE_STRIP = NO;
				DEBUG_INFORMATION_FORMAT = dwarf;
				ENABLE_STRICT_OBJC_MSGSEND = YES;
				ENABLE_TESTABILITY = YES;
				GCC_C_LANGUAGE_STANDARD = gnu11;
				GCC_DYNAMIC_NO_PIC = NO;
				GCC_NO_COMMON_BLOCKS = YES;
				GCC_OPTIMIZATION_LEVEL = 0;
				GCC_PREPROCESSOR_DEFINITIONS = (
					"DEBUG=1",
					"$(inherited)",
				);
				GCC_WARN_64_TO_32_BIT_CONVERSION = YES;
				GCC_WARN_ABOUT_RETURN_TYPE = YES_ERROR;
				GCC_WARN_UNDECLARED_SELECTOR = YES;
				GCC_WARN_UNINITIALIZED_AUTOS = YES_AGGRESSIVE;
				GCC_WARN_UNUSED_FUNCTION = YES;
				GCC_WARN_UNUSED_VARIABLE = YES;
				IPHONEOS_DEPLOYMENT_TARGET = 16.1;
				MTL_ENABLE_DEBUG_INFO = INCLUDE_SOURCE;
				MTL_FAST_MATH = YES;
				ONLY_ACTIVE_ARCH = YES;
				SDKROOT = iphoneos;
				SWIFT_ACTIVE_COMPILATION_CONDITIONS = DEBUG;
				SWIFT_OPTIMIZATION_LEVEL = "-Onone";
			};
			name = Debug;
		};
		CB522F6A2A46D5D2009EA192 /* Release */ = {
			isa = XCBuildConfiguration;
			buildSettings = {
				ALWAYS_SEARCH_USER_PATHS = NO;
				CLANG_ANALYZER_NONNULL = YES;
				CLANG_ANALYZER_NUMBER_OBJECT_CONVERSION = YES_AGGRESSIVE;
				CLANG_CXX_LANGUAGE_STANDARD = "gnu++20";
				CLANG_ENABLE_MODULES = YES;
				CLANG_ENABLE_OBJC_ARC = YES;
				CLANG_ENABLE_OBJC_WEAK = YES;
				CLANG_WARN_BLOCK_CAPTURE_AUTORELEASING = YES;
				CLANG_WARN_BOOL_CONVERSION = YES;
				CLANG_WARN_COMMA = YES;
				CLANG_WARN_CONSTANT_CONVERSION = YES;
				CLANG_WARN_DEPRECATED_OBJC_IMPLEMENTATIONS = YES;
				CLANG_WARN_DIRECT_OBJC_ISA_USAGE = YES_ERROR;
				CLANG_WARN_DOCUMENTATION_COMMENTS = YES;
				CLANG_WARN_EMPTY_BODY = YES;
				CLANG_WARN_ENUM_CONVERSION = YES;
				CLANG_WARN_INFINITE_RECURSION = YES;
				CLANG_WARN_INT_CONVERSION = YES;
				CLANG_WARN_NON_LITERAL_NULL_CONVERSION = YES;
				CLANG_WARN_OBJC_IMPLICIT_RETAIN_SELF = YES;
				CLANG_WARN_OBJC_LITERAL_CONVERSION = YES;
				CLANG_WARN_OBJC_ROOT_CLASS = YES_ERROR;
				CLANG_WARN_QUOTED_INCLUDE_IN_FRAMEWORK_HEADER = YES;
				CLANG_WARN_RANGE_LOOP_ANALYSIS = YES;
				CLANG_WARN_STRICT_PROTOTYPES = YES;
				CLANG_WARN_SUSPICIOUS_MOVE = YES;
				CLANG_WARN_UNGUARDED_AVAILABILITY = YES_AGGRESSIVE;
				CLANG_WARN_UNREACHABLE_CODE = YES;
				CLANG_WARN__DUPLICATE_METHOD_MATCH = YES;
				COPY_PHASE_STRIP = NO;
				DEBUG_INFORMATION_FORMAT = "dwarf-with-dsym";
				ENABLE_NS_ASSERTIONS = NO;
				ENABLE_STRICT_OBJC_MSGSEND = YES;
				GCC_C_LANGUAGE_STANDARD = gnu11;
				GCC_NO_COMMON_BLOCKS = YES;
				GCC_WARN_64_TO_32_BIT_CONVERSION = YES;
				GCC_WARN_ABOUT_RETURN_TYPE = YES_ERROR;
				GCC_WARN_UNDECLARED_SELECTOR = YES;
				GCC_WARN_UNINITIALIZED_AUTOS = YES_AGGRESSIVE;
				GCC_WARN_UNUSED_FUNCTION = YES;
				GCC_WARN_UNUSED_VARIABLE = YES;
				IPHONEOS_DEPLOYMENT_TARGET = 16.1;
				MTL_ENABLE_DEBUG_INFO = NO;
				MTL_FAST_MATH = YES;
				SDKROOT = iphoneos;
				SWIFT_COMPILATION_MODE = wholemodule;
				SWIFT_OPTIMIZATION_LEVEL = "-O";
				VALIDATE_PRODUCT = YES;
			};
			name = Release;
		};
		CB522F6C2A46D5D2009EA192 /* Debug */ = {
			isa = XCBuildConfiguration;
			buildSettings = {
				ASSETCATALOG_COMPILER_APPICON_NAME = AppIcon;
				ASSETCATALOG_COMPILER_GLOBAL_ACCENT_COLOR_NAME = AccentColor;
				CODE_SIGN_STYLE = Automatic;
				CURRENT_PROJECT_VERSION = 1;
				DEVELOPMENT_TEAM = 4H396924QD;
				GENERATE_INFOPLIST_FILE = YES;
				INFOPLIST_FILE = PazaramaExample/Resource/Info.plist;
				INFOPLIST_KEY_UIApplicationSupportsIndirectInputEvents = YES;
				INFOPLIST_KEY_UILaunchStoryboardName = LaunchScreen;
				INFOPLIST_KEY_UISupportedInterfaceOrientations_iPad = "UIInterfaceOrientationPortrait UIInterfaceOrientationPortraitUpsideDown UIInterfaceOrientationLandscapeLeft UIInterfaceOrientationLandscapeRight";
				INFOPLIST_KEY_UISupportedInterfaceOrientations_iPhone = "UIInterfaceOrientationPortrait UIInterfaceOrientationLandscapeLeft UIInterfaceOrientationLandscapeRight";
				LD_RUNPATH_SEARCH_PATHS = (
					"$(inherited)",
					"@executable_path/Frameworks",
				);
				MARKETING_VERSION = 1.0;
				PRODUCT_BUNDLE_IDENTIFIER = com.PazaramaExample;
				PRODUCT_NAME = "$(TARGET_NAME)";
				SWIFT_EMIT_LOC_STRINGS = YES;
				SWIFT_VERSION = 5.0;
				TARGETED_DEVICE_FAMILY = "1,2";
			};
			name = Debug;
		};
		CB522F6D2A46D5D2009EA192 /* Release */ = {
			isa = XCBuildConfiguration;
			buildSettings = {
				ASSETCATALOG_COMPILER_APPICON_NAME = AppIcon;
				ASSETCATALOG_COMPILER_GLOBAL_ACCENT_COLOR_NAME = AccentColor;
				CODE_SIGN_STYLE = Automatic;
				CURRENT_PROJECT_VERSION = 1;
				DEVELOPMENT_TEAM = 4H396924QD;
				GENERATE_INFOPLIST_FILE = YES;
				INFOPLIST_FILE = PazaramaExample/Resource/Info.plist;
				INFOPLIST_KEY_UIApplicationSupportsIndirectInputEvents = YES;
				INFOPLIST_KEY_UILaunchStoryboardName = LaunchScreen;
				INFOPLIST_KEY_UISupportedInterfaceOrientations_iPad = "UIInterfaceOrientationPortrait UIInterfaceOrientationPortraitUpsideDown UIInterfaceOrientationLandscapeLeft UIInterfaceOrientationLandscapeRight";
				INFOPLIST_KEY_UISupportedInterfaceOrientations_iPhone = "UIInterfaceOrientationPortrait UIInterfaceOrientationLandscapeLeft UIInterfaceOrientationLandscapeRight";
				LD_RUNPATH_SEARCH_PATHS = (
					"$(inherited)",
					"@executable_path/Frameworks",
				);
				MARKETING_VERSION = 1.0;
				PRODUCT_BUNDLE_IDENTIFIER = com.PazaramaExample;
				PRODUCT_NAME = "$(TARGET_NAME)";
				SWIFT_EMIT_LOC_STRINGS = YES;
				SWIFT_VERSION = 5.0;
				TARGETED_DEVICE_FAMILY = "1,2";
			};
			name = Release;
		};
		CBC1EF032A48E2120085A45D /* Debug */ = {
			isa = XCBuildConfiguration;
			buildSettings = {
				BUNDLE_LOADER = "$(TEST_HOST)";
				CODE_SIGN_STYLE = Automatic;
				CURRENT_PROJECT_VERSION = 1;
				DEVELOPMENT_TEAM = 4H396924QD;
				GENERATE_INFOPLIST_FILE = YES;
				MARKETING_VERSION = 1.0;
				PRODUCT_BUNDLE_IDENTIFIER = com.PazaramaExampleTests;
				PRODUCT_NAME = "$(TARGET_NAME)";
				SWIFT_EMIT_LOC_STRINGS = NO;
				SWIFT_VERSION = 5.0;
				TARGETED_DEVICE_FAMILY = "1,2";
				TEST_HOST = "$(BUILT_PRODUCTS_DIR)/PazaramaExample.app/$(BUNDLE_EXECUTABLE_FOLDER_PATH)/PazaramaExample";
			};
			name = Debug;
		};
		CBC1EF042A48E2120085A45D /* Release */ = {
			isa = XCBuildConfiguration;
			buildSettings = {
				BUNDLE_LOADER = "$(TEST_HOST)";
				CODE_SIGN_STYLE = Automatic;
				CURRENT_PROJECT_VERSION = 1;
				DEVELOPMENT_TEAM = 4H396924QD;
				GENERATE_INFOPLIST_FILE = YES;
				MARKETING_VERSION = 1.0;
				PRODUCT_BUNDLE_IDENTIFIER = com.PazaramaExampleTests;
				PRODUCT_NAME = "$(TARGET_NAME)";
				SWIFT_EMIT_LOC_STRINGS = NO;
				SWIFT_VERSION = 5.0;
				TARGETED_DEVICE_FAMILY = "1,2";
				TEST_HOST = "$(BUILT_PRODUCTS_DIR)/PazaramaExample.app/$(BUNDLE_EXECUTABLE_FOLDER_PATH)/PazaramaExample";
			};
			name = Release;
		};
/* End XCBuildConfiguration section */

/* Begin XCConfigurationList section */
		CB522F522A46D5CF009EA192 /* Build configuration list for PBXProject "PazaramaExample" */ = {
			isa = XCConfigurationList;
			buildConfigurations = (
				CB522F692A46D5D2009EA192 /* Debug */,
				CB522F6A2A46D5D2009EA192 /* Release */,
			);
			defaultConfigurationIsVisible = 0;
			defaultConfigurationName = Release;
		};
		CB522F6B2A46D5D2009EA192 /* Build configuration list for PBXNativeTarget "PazaramaExample" */ = {
			isa = XCConfigurationList;
			buildConfigurations = (
				CB522F6C2A46D5D2009EA192 /* Debug */,
				CB522F6D2A46D5D2009EA192 /* Release */,
			);
			defaultConfigurationIsVisible = 0;
			defaultConfigurationName = Release;
		};
		CBC1EF022A48E2120085A45D /* Build configuration list for PBXNativeTarget "PazaramaExampleTests" */ = {
			isa = XCConfigurationList;
			buildConfigurations = (
				CBC1EF032A48E2120085A45D /* Debug */,
				CBC1EF042A48E2120085A45D /* Release */,
			);
			defaultConfigurationIsVisible = 0;
			defaultConfigurationName = Release;
		};
/* End XCConfigurationList section */

/* Begin XCRemoteSwiftPackageReference section */
		CB522F772A46E229009EA192 /* XCRemoteSwiftPackageReference "firebase-ios-sdk" */ = {
			isa = XCRemoteSwiftPackageReference;
			repositoryURL = "https://github.com/firebase/firebase-ios-sdk";
			requirement = {
				kind = upToNextMajorVersion;
				minimumVersion = 9.0.0;
			};
		};
		CB8C80B12A484CFD00D754EC /* XCRemoteSwiftPackageReference "Kingfisher" */ = {
			isa = XCRemoteSwiftPackageReference;
			repositoryURL = "https://github.com/onevcat/Kingfisher.git";
			requirement = {
				kind = upToNextMajorVersion;
				minimumVersion = 7.0.0;
			};
		};
/* End XCRemoteSwiftPackageReference section */

/* Begin XCSwiftPackageProductDependency section */
		CB522F782A46E229009EA192 /* FirebaseFirestoreSwift */ = {
			isa = XCSwiftPackageProductDependency;
			package = CB522F772A46E229009EA192 /* XCRemoteSwiftPackageReference "firebase-ios-sdk" */;
			productName = FirebaseFirestoreSwift;
		};
		CB6303D42A478C9300CDC30A /* BaseFoundation */ = {
			isa = XCSwiftPackageProductDependency;
			productName = BaseFoundation;
		};
		CB6DA4CD2A48EA7E0022ED89 /* FirebaseFirestore */ = {
			isa = XCSwiftPackageProductDependency;
			package = CB522F772A46E229009EA192 /* XCRemoteSwiftPackageReference "firebase-ios-sdk" */;
			productName = FirebaseFirestore;
		};
		CB8C80982A478FA300D754EC /* CommonComponents */ = {
			isa = XCSwiftPackageProductDependency;
			productName = CommonComponents;
		};
		CB8C80B22A484CFD00D754EC /* Kingfisher */ = {
			isa = XCSwiftPackageProductDependency;
			package = CB8C80B12A484CFD00D754EC /* XCRemoteSwiftPackageReference "Kingfisher" */;
			productName = Kingfisher;
		};
/* End XCSwiftPackageProductDependency section */
	};
	rootObject = CB522F4F2A46D5CF009EA192 /* Project object */;
}
